
Microsoft Visual Studio Solution File, Format Version 12.00
# Visual Studio Version 16
VisualStudioVersion = 16.0.30804.86
MinimumVisualStudioVersion = 10.0.40219.1
Project("{FAE04EC0-301F-11D3-BF4B-00C04F79EFBC}") = "HW2", "HW2.csproj", "{60E347DE-7191-4274-9CAA-C3CE6F3D5803}"
EndProject
Global
	GlobalSection(SolutionConfigurationPlatforms) = preSolution
		Debug|Any CPU = Debug|Any CPU
		Release|Any CPU = Release|Any CPU
	EndGlobalSection
	GlobalSection(ProjectConfigurationPlatforms) = postSolution
		{60E347DE-7191-4274-9CAA-C3CE6F3D5803}.Debug|Any CPU.ActiveCfg = Debug|Any CPU
		{60E347DE-7191-4274-9CAA-C3CE6F3D5803}.Debug|Any CPU.Build.0 = Debug|Any CPU
		{60E347DE-7191-4274-9CAA-C3CE6F3D5803}.Release|Any CPU.ActiveCfg = Release|Any CPU
		{60E347DE-7191-4274-9CAA-C3CE6F3D5803}.Release|Any CPU.Build.0 = Release|Any CPU
	EndGlobalSection
	GlobalSection(SolutionProperties) = preSolution
		HideSolutionNode = FALSE
	EndGlobalSection
	GlobalSection(ExtensibilityGlobals) = postSolution
		SolutionGuid = {4BE7A993-7360-4264-AF6A-C051428160B4}
	EndGlobalSection
EndGlobal
