
Microsoft Visual Studio Solution File, Format Version 12.00
# Visual Studio Version 16
VisualStudioVersion = 16.0.30804.86
MinimumVisualStudioVersion = 10.0.40219.1
Project("{9A19103F-16F7-4668-BE54-9A1E7A4F7556}") = "Lesson7 ToDoList", "Lesson7 ToDoList.csproj", "{FA7DF6E0-3C12-4F9E-BCF2-971BD54157CE}"
EndProject
Global
	GlobalSection(SolutionConfigurationPlatforms) = preSolution
		Debug|Any CPU = Debug|Any CPU
		Release|Any CPU = Release|Any CPU
	EndGlobalSection
	GlobalSection(ProjectConfigurationPlatforms) = postSolution
		{FA7DF6E0-3C12-4F9E-BCF2-971BD54157CE}.Debug|Any CPU.ActiveCfg = Debug|Any CPU
		{FA7DF6E0-3C12-4F9E-BCF2-971BD54157CE}.Debug|Any CPU.Build.0 = Debug|Any CPU
		{FA7DF6E0-3C12-4F9E-BCF2-971BD54157CE}.Release|Any CPU.ActiveCfg = Release|Any CPU
		{FA7DF6E0-3C12-4F9E-BCF2-971BD54157CE}.Release|Any CPU.Build.0 = Release|Any CPU
	EndGlobalSection
	GlobalSection(SolutionProperties) = preSolution
		HideSolutionNode = FALSE
	EndGlobalSection
	GlobalSection(ExtensibilityGlobals) = postSolution
		SolutionGuid = {CCB64BC7-567C-4DBD-91F7-23068377769B}
	EndGlobalSection
EndGlobal
