
Microsoft Visual Studio Solution File, Format Version 12.00
# Visual Studio Version 16
VisualStudioVersion = 16.0.30804.86
MinimumVisualStudioVersion = 10.0.40219.1
Project("{FAE04EC0-301F-11D3-BF4B-00C04F79EFBC}") = "Spravochnik Lesson5", "Spravochnik Lesson5.csproj", "{EDBDE628-0C53-4709-9A00-A15A404DB9C5}"
EndProject
Global
	GlobalSection(SolutionConfigurationPlatforms) = preSolution
		Debug|Any CPU = Debug|Any CPU
		Release|Any CPU = Release|Any CPU
	EndGlobalSection
	GlobalSection(ProjectConfigurationPlatforms) = postSolution
		{EDBDE628-0C53-4709-9A00-A15A404DB9C5}.Debug|Any CPU.ActiveCfg = Debug|Any CPU
		{EDBDE628-0C53-4709-9A00-A15A404DB9C5}.Debug|Any CPU.Build.0 = Debug|Any CPU
		{EDBDE628-0C53-4709-9A00-A15A404DB9C5}.Release|Any CPU.ActiveCfg = Release|Any CPU
		{EDBDE628-0C53-4709-9A00-A15A404DB9C5}.Release|Any CPU.Build.0 = Release|Any CPU
	EndGlobalSection
	GlobalSection(SolutionProperties) = preSolution
		HideSolutionNode = FALSE
	EndGlobalSection
	GlobalSection(ExtensibilityGlobals) = postSolution
		SolutionGuid = {8A9EE222-A723-4036-A527-7E2CD1A77755}
	EndGlobalSection
EndGlobal
